
Microsoft Visual Studio Solution File, Format Version 12.00
# Visual Studio 15
VisualStudioVersion = 15.0.28307.421
MinimumVisualStudioVersion = 10.0.40219.1
Project("{FAE04EC0-301F-11D3-BF4B-00C04F79EFBC}") = "DrillKOMPASUI", "DrillKOMPASUI\DrillKOMPASUI.csproj", "{1C2B71F1-A2E7-4FB4-9CA0-24EDD57A1C1B}"
EndProject
Project("{FAE04EC0-301F-11D3-BF4B-00C04F79EFBC}") = "KompasWrapper", "KompasWrapper\KompasWrapper.csproj", "{B4FB39DA-6D25-47E8-8D4A-FBDC82D192A2}"
EndProject
Project("{FAE04EC0-301F-11D3-BF4B-00C04F79EFBC}") = "DrillKOMPAS", "DrillKOMPAS\DrillKOMPAS.csproj", "{546B821E-FEFF-4A55-8DDC-4C283EBD6C86}"
EndProject
Project("{2150E333-8FDC-42A3-9474-1A3956D46DE8}") = "Testing", "Testing", "{C0B9A508-96D8-4DB7-B319-C27CB1F37473}"
EndProject
Project("{FAE04EC0-301F-11D3-BF4B-00C04F79EFBC}") = "DrillKOMPAS.UnitTests", "Testing\DrillKOMPAS.UnitTests\DrillKOMPAS.UnitTests.csproj", "{8E429295-C341-4A88-A92E-058C229D3975}"
EndProject
Global
	GlobalSection(SolutionConfigurationPlatforms) = preSolution
		Debug|Any CPU = Debug|Any CPU
		Release|Any CPU = Release|Any CPU
	EndGlobalSection
	GlobalSection(ProjectConfigurationPlatforms) = postSolution
		{1C2B71F1-A2E7-4FB4-9CA0-24EDD57A1C1B}.Debug|Any CPU.ActiveCfg = Debug|Any CPU
		{1C2B71F1-A2E7-4FB4-9CA0-24EDD57A1C1B}.Debug|Any CPU.Build.0 = Debug|Any CPU
		{1C2B71F1-A2E7-4FB4-9CA0-24EDD57A1C1B}.Release|Any CPU.ActiveCfg = Release|Any CPU
		{1C2B71F1-A2E7-4FB4-9CA0-24EDD57A1C1B}.Release|Any CPU.Build.0 = Release|Any CPU
		{B4FB39DA-6D25-47E8-8D4A-FBDC82D192A2}.Debug|Any CPU.ActiveCfg = Debug|Any CPU
		{B4FB39DA-6D25-47E8-8D4A-FBDC82D192A2}.Debug|Any CPU.Build.0 = Debug|Any CPU
		{B4FB39DA-6D25-47E8-8D4A-FBDC82D192A2}.Release|Any CPU.ActiveCfg = Release|Any CPU
		{B4FB39DA-6D25-47E8-8D4A-FBDC82D192A2}.Release|Any CPU.Build.0 = Release|Any CPU
		{546B821E-FEFF-4A55-8DDC-4C283EBD6C86}.Debug|Any CPU.ActiveCfg = Debug|Any CPU
		{546B821E-FEFF-4A55-8DDC-4C283EBD6C86}.Debug|Any CPU.Build.0 = Debug|Any CPU
		{546B821E-FEFF-4A55-8DDC-4C283EBD6C86}.Release|Any CPU.ActiveCfg = Release|Any CPU
		{546B821E-FEFF-4A55-8DDC-4C283EBD6C86}.Release|Any CPU.Build.0 = Release|Any CPU
		{8E429295-C341-4A88-A92E-058C229D3975}.Debug|Any CPU.ActiveCfg = Debug|Any CPU
		{8E429295-C341-4A88-A92E-058C229D3975}.Debug|Any CPU.Build.0 = Debug|Any CPU
		{8E429295-C341-4A88-A92E-058C229D3975}.Release|Any CPU.ActiveCfg = Release|Any CPU
		{8E429295-C341-4A88-A92E-058C229D3975}.Release|Any CPU.Build.0 = Release|Any CPU
	EndGlobalSection
	GlobalSection(SolutionProperties) = preSolution
		HideSolutionNode = FALSE
	EndGlobalSection
	GlobalSection(NestedProjects) = preSolution
		{8E429295-C341-4A88-A92E-058C229D3975} = {C0B9A508-96D8-4DB7-B319-C27CB1F37473}
	EndGlobalSection
	GlobalSection(ExtensibilityGlobals) = postSolution
		SolutionGuid = {742169DB-EA8F-4E8E-B195-F7F1093E30AB}
	EndGlobalSection
EndGlobal
